
Microsoft Visual Studio Solution File, Format Version 12.00
# Visual Studio Version 17
VisualStudioVersion = 17.7.34221.43
MinimumVisualStudioVersion = 10.0.40219.1
Project("{8BC9CEB8-8B4A-11D0-8D11-00A0C91BC942}") = "9-6", "9-6.vcxproj", "{B3604C6A-5717-4D81-ABBF-6250F7AB982F}"
EndProject
Global
	GlobalSection(SolutionConfigurationPlatforms) = preSolution
		Debug|x64 = Debug|x64
		Debug|x86 = Debug|x86
		Release|x64 = Release|x64
		Release|x86 = Release|x86
	EndGlobalSection
	GlobalSection(ProjectConfigurationPlatforms) = postSolution
		{B3604C6A-5717-4D81-ABBF-6250F7AB982F}.Debug|x64.ActiveCfg = Debug|x64
		{B3604C6A-5717-4D81-ABBF-6250F7AB982F}.Debug|x64.Build.0 = Debug|x64
		{B3604C6A-5717-4D81-ABBF-6250F7AB982F}.Debug|x86.ActiveCfg = Debug|Win32
		{B3604C6A-5717-4D81-ABBF-6250F7AB982F}.Debug|x86.Build.0 = Debug|Win32
		{B3604C6A-5717-4D81-ABBF-6250F7AB982F}.Release|x64.ActiveCfg = Release|x64
		{B3604C6A-5717-4D81-ABBF-6250F7AB982F}.Release|x64.Build.0 = Release|x64
		{B3604C6A-5717-4D81-ABBF-6250F7AB982F}.Release|x86.ActiveCfg = Release|Win32
		{B3604C6A-5717-4D81-ABBF-6250F7AB982F}.Release|x86.Build.0 = Release|Win32
	EndGlobalSection
	GlobalSection(SolutionProperties) = preSolution
		HideSolutionNode = FALSE
	EndGlobalSection
	GlobalSection(ExtensibilityGlobals) = postSolution
		SolutionGuid = {4612AAFC-7AE4-4A84-A2B5-A904C4E0B2C2}
	EndGlobalSection
EndGlobal
